github.com/gomarkdown/markdown v0.0.0-20260614204949-e08cff860f76 h1:Ltt9ldIaSYEsjA7sPY2c8r9dOmnKM1vlzhh3dxlhBHM=
github.com/gomarkdown/markdown v0.0.0-20260614204949-e08cff860f76/go.mod h1:JDGcbDT52eL4fju3sZ4TeHGsQwhG9nbDV21aMyhwPoA=
golang.org/x/net v0.57.0 h1:K5+3DljvIuDG9/Jv9rvyMywYNFCQ9RSUY6OOTTkT+tE=
golang.org/x/net v0.57.0/go.mod h1:KpXc8iv+r3XplLAG/f7Jsf9RPszJzdR0f58q9vGOuEU=
